
Microsoft Visual Studio Solution File, Format Version 12.00
# Visual Studio Version 16
VisualStudioVersion = 16.0.31019.35
MinimumVisualStudioVersion = 10.0.40219.1
Project("{FAE04EC0-301F-11D3-BF4B-00C04F79EFBC}") = "BlazorWasmStaticWebAppDemo", "BlazorWasmStaticWebAppDemo.csproj", "{B574C2BA-0A1F-4C74-96EC-DBCBA5EBC2FF}"
EndProject
Global
	GlobalSection(SolutionConfigurationPlatforms) = preSolution
		Debug|Any CPU = Debug|Any CPU
		Release|Any CPU = Release|Any CPU
	EndGlobalSection
	GlobalSection(ProjectConfigurationPlatforms) = postSolution
		{B574C2BA-0A1F-4C74-96EC-DBCBA5EBC2FF}.Debug|Any CPU.ActiveCfg = Debug|Any CPU
		{B574C2BA-0A1F-4C74-96EC-DBCBA5EBC2FF}.Debug|Any CPU.Build.0 = Debug|Any CPU
		{B574C2BA-0A1F-4C74-96EC-DBCBA5EBC2FF}.Release|Any CPU.ActiveCfg = Release|Any CPU
		{B574C2BA-0A1F-4C74-96EC-DBCBA5EBC2FF}.Release|Any CPU.Build.0 = Release|Any CPU
	EndGlobalSection
	GlobalSection(SolutionProperties) = preSolution
		HideSolutionNode = FALSE
	EndGlobalSection
	GlobalSection(ExtensibilityGlobals) = postSolution
		SolutionGuid = {1DEF1DB3-F085-4F2E-986E-6FB0D1058864}
	EndGlobalSection
EndGlobal
